
Microsoft Visual Studio Solution File, Format Version 12.00
# Visual Studio Version 16
VisualStudioVersion = 16.0.30114.105
MinimumVisualStudioVersion = 10.0.40219.1
Project("{FAE04EC0-301F-11D3-BF4B-00C04F79EFBC}") = "DDI.DrugApi", "DDI.DrugApi\DDI.DrugApi.csproj", "{F4845E27-779C-4DF3-B031-FD78DBD439C1}"
EndProject
Project("{FAE04EC0-301F-11D3-BF4B-00C04F79EFBC}") = "DDI.Models", "DDI.Models\DDI.Models.csproj", "{3AB8B60E-A8B9-468D-8DD9-61627EDB2C7A}"
EndProject
Project("{FAE04EC0-301F-11D3-BF4B-00C04F79EFBC}") = "DDI.WebApp", "DDI.WebApp\DDI.WebApp.csproj", "{80BF7B51-66FD-4F6F-9D0E-BD5CF2CBEFEE}"
EndProject
Global
	GlobalSection(SolutionConfigurationPlatforms) = preSolution
		Debug|Any CPU = Debug|Any CPU
		Debug|x64 = Debug|x64
		Debug|x86 = Debug|x86
		Release|Any CPU = Release|Any CPU
		Release|x64 = Release|x64
		Release|x86 = Release|x86
	EndGlobalSection
	GlobalSection(SolutionProperties) = preSolution
		HideSolutionNode = FALSE
	EndGlobalSection
	GlobalSection(ProjectConfigurationPlatforms) = postSolution
		{F4845E27-779C-4DF3-B031-FD78DBD439C1}.Debug|Any CPU.ActiveCfg = Debug|Any CPU
		{F4845E27-779C-4DF3-B031-FD78DBD439C1}.Debug|Any CPU.Build.0 = Debug|Any CPU
		{F4845E27-779C-4DF3-B031-FD78DBD439C1}.Debug|x64.ActiveCfg = Debug|Any CPU
		{F4845E27-779C-4DF3-B031-FD78DBD439C1}.Debug|x64.Build.0 = Debug|Any CPU
		{F4845E27-779C-4DF3-B031-FD78DBD439C1}.Debug|x86.ActiveCfg = Debug|Any CPU
		{F4845E27-779C-4DF3-B031-FD78DBD439C1}.Debug|x86.Build.0 = Debug|Any CPU
		{F4845E27-779C-4DF3-B031-FD78DBD439C1}.Release|Any CPU.ActiveCfg = Release|Any CPU
		{F4845E27-779C-4DF3-B031-FD78DBD439C1}.Release|Any CPU.Build.0 = Release|Any CPU
		{F4845E27-779C-4DF3-B031-FD78DBD439C1}.Release|x64.ActiveCfg = Release|Any CPU
		{F4845E27-779C-4DF3-B031-FD78DBD439C1}.Release|x64.Build.0 = Release|Any CPU
		{F4845E27-779C-4DF3-B031-FD78DBD439C1}.Release|x86.ActiveCfg = Release|Any CPU
		{F4845E27-779C-4DF3-B031-FD78DBD439C1}.Release|x86.Build.0 = Release|Any CPU
		{3AB8B60E-A8B9-468D-8DD9-61627EDB2C7A}.Debug|Any CPU.ActiveCfg = Debug|Any CPU
		{3AB8B60E-A8B9-468D-8DD9-61627EDB2C7A}.Debug|Any CPU.Build.0 = Debug|Any CPU
		{3AB8B60E-A8B9-468D-8DD9-61627EDB2C7A}.Debug|x64.ActiveCfg = Debug|Any CPU
		{3AB8B60E-A8B9-468D-8DD9-61627EDB2C7A}.Debug|x64.Build.0 = Debug|Any CPU
		{3AB8B60E-A8B9-468D-8DD9-61627EDB2C7A}.Debug|x86.ActiveCfg = Debug|Any CPU
		{3AB8B60E-A8B9-468D-8DD9-61627EDB2C7A}.Debug|x86.Build.0 = Debug|Any CPU
		{3AB8B60E-A8B9-468D-8DD9-61627EDB2C7A}.Release|Any CPU.ActiveCfg = Release|Any CPU
		{3AB8B60E-A8B9-468D-8DD9-61627EDB2C7A}.Release|Any CPU.Build.0 = Release|Any CPU
		{3AB8B60E-A8B9-468D-8DD9-61627EDB2C7A}.Release|x64.ActiveCfg = Release|Any CPU
		{3AB8B60E-A8B9-468D-8DD9-61627EDB2C7A}.Release|x64.Build.0 = Release|Any CPU
		{3AB8B60E-A8B9-468D-8DD9-61627EDB2C7A}.Release|x86.ActiveCfg = Release|Any CPU
		{3AB8B60E-A8B9-468D-8DD9-61627EDB2C7A}.Release|x86.Build.0 = Release|Any CPU
		{80BF7B51-66FD-4F6F-9D0E-BD5CF2CBEFEE}.Debug|Any CPU.ActiveCfg = Debug|Any CPU
		{80BF7B51-66FD-4F6F-9D0E-BD5CF2CBEFEE}.Debug|Any CPU.Build.0 = Debug|Any CPU
		{80BF7B51-66FD-4F6F-9D0E-BD5CF2CBEFEE}.Debug|x64.ActiveCfg = Debug|Any CPU
		{80BF7B51-66FD-4F6F-9D0E-BD5CF2CBEFEE}.Debug|x64.Build.0 = Debug|Any CPU
		{80BF7B51-66FD-4F6F-9D0E-BD5CF2CBEFEE}.Debug|x86.ActiveCfg = Debug|Any CPU
		{80BF7B51-66FD-4F6F-9D0E-BD5CF2CBEFEE}.Debug|x86.Build.0 = Debug|Any CPU
		{80BF7B51-66FD-4F6F-9D0E-BD5CF2CBEFEE}.Release|Any CPU.ActiveCfg = Release|Any CPU
		{80BF7B51-66FD-4F6F-9D0E-BD5CF2CBEFEE}.Release|Any CPU.Build.0 = Release|Any CPU
		{80BF7B51-66FD-4F6F-9D0E-BD5CF2CBEFEE}.Release|x64.ActiveCfg = Release|Any CPU
		{80BF7B51-66FD-4F6F-9D0E-BD5CF2CBEFEE}.Release|x64.Build.0 = Release|Any CPU
		{80BF7B51-66FD-4F6F-9D0E-BD5CF2CBEFEE}.Release|x86.ActiveCfg = Release|Any CPU
		{80BF7B51-66FD-4F6F-9D0E-BD5CF2CBEFEE}.Release|x86.Build.0 = Release|Any CPU
	EndGlobalSection
EndGlobal
